version = 1
revision = 2
requires-python = ">=3.13"

[[package]]
name = ""
version = "0.0.1"
source = { virtual = "." }
dependencies = [
    { name = "asgiref" },
    { name = "coverage" },
    { name = "django" },
    { name = "django-debug-toolbar" },
    { name = "django-phonenumber-field" },
    { name = "django-seed" },
    { name = "factory-boy" },
    { name = "faker" },
    { name = "jsonfield" },
    { name = "phonenumberslite" },
    { name = "python-dateutil" },
    { name = "ruff" },
    { name = "six" },
    { name = "sqlparse" },
    { name = "toposort" },
]

[package.metadata]
requires-dist = [
    { name = "asgiref", specifier = "==3.8.1" },
    { name = "coverage", specifier = "==7.6.1" },
    { name = "django", specifier = "==5.1" },
    { name = "django-debug-toolbar", specifier = "==4.4.6" },
    { name = "django-phonenumber-field", specifier = "==8.0.0" },
    { name = "django-seed", specifier = "==0.3.1" },
    { name = "factory-boy", specifier = "==3.3.0" },
    { name = "faker", specifier = "==26.3.0" },
    { name = "jsonfield", specifier = "==3.1.0" },
    { name = "phonenumberslite", specifier = "==8.13.42" },
    { name = "python-dateutil", specifier = "==2.9.0.post0" },
    { name = "ruff", specifier = "==0.6.1" },
    { name = "six", specifier = "==1.16.0" },
    { name = "sqlparse", specifier = "==0.5.1" },
    { name = "toposort", specifier = "==1.10" },
]

[[package]]
name = "asgiref"
version = "3.8.1"
source = { registry = "https://pypi.org/simple" }
sdist = { url = "https://files.pythonhosted.org/packages/29/38/b3395cc9ad1b56d2ddac9970bc8f4141312dbaec28bc7c218b0dfafd0f42/asgiref-3.8.1.tar.gz", hash = "sha256:c343bd80a0bec947a9860adb4c432ffa7db769836c64238fc34bdc3fec84d590", size = 35186, upload-time = "2024-03-22T14:39:36.863Z" }
wheels = [
    { url = "https://files.pythonhosted.org/packages/39/e3/893e8757be2612e6c266d9bb58ad2e3651524b5b40cf56761e985a28b13e/asgiref-3.8.1-py3-none-any.whl", hash = "sha256:3e1e3ecc849832fe52ccf2cb6686b7a55f82bb1d6aee72a58826471390335e47", size = 23828, upload-time = "2024-03-22T14:39:34.521Z" },
]

[[package]]
name = "coverage"
version = "7.6.1"
source = { registry = "https://pypi.org/simple" }
sdist = { url = "https://files.pythonhosted.org/packages/f7/08/7e37f82e4d1aead42a7443ff06a1e406aabf7302c4f00a546e4b320b994c/coverage-7.6.1.tar.gz", hash = "sha256:953510dfb7b12ab69d20135a0662397f077c59b1e6379a768e97c59d852ee51d", size = 798791, upload-time = "2024-08-04T19:45:30.9Z" }
wheels = [
    { url = "https://files.pythonhosted.org/packages/8c/f9/9aa4dfb751cb01c949c990d136a0f92027fbcc5781c6e921df1cb1563f20/coverage-7.6.1-cp313-cp313-macosx_10_13_x86_64.whl", hash = "sha256:a4acd025ecc06185ba2b801f2de85546e0b8ac787cf9d3b06e7e2a69f925b106", size = 207007, upload-time = "2024-08-04T19:44:09.453Z" },
    { url = "https://files.pythonhosted.org/packages/b9/67/e1413d5a8591622a46dd04ff80873b04c849268831ed5c304c16433e7e30/coverage-7.6.1-cp313-cp313-macosx_11_0_arm64.whl", hash = "sha256:a6d3adcf24b624a7b778533480e32434a39ad8fa30c315208f6d3e5542aeb6e9", size = 207269, upload-time = "2024-08-04T19:44:11.045Z" },
    { url = "https://files.pythonhosted.org/packages/14/5b/9dec847b305e44a5634d0fb8498d135ab1d88330482b74065fcec0622224/coverage-7.6.1-cp313-cp313-manylinux_2_17_aarch64.manylinux2014_aarch64.whl", hash = "sha256:d0c212c49b6c10e6951362f7c6df3329f04c2b1c28499563d4035d964ab8e08c", size = 239886, upload-time = "2024-08-04T19:44:12.83Z" },
    { url = "https://files.pythonhosted.org/packages/7b/b7/35760a67c168e29f454928f51f970342d23cf75a2bb0323e0f07334c85f3/coverage-7.6.1-cp313-cp313-manylinux_2_5_i686.manylinux1_i686.manylinux_2_17_i686.manylinux2014_i686.whl", hash = "sha256:6e81d7a3e58882450ec4186ca59a3f20a5d4440f25b1cff6f0902ad890e6748a", size = 237037, upload-time = "2024-08-04T19:44:15.393Z" },
    { url = "https://files.pythonhosted.org/packages/f7/95/d2fd31f1d638df806cae59d7daea5abf2b15b5234016a5ebb502c2f3f7ee/coverage-7.6.1-cp313-cp313-manylinux_2_5_x86_64.manylinux1_x86_64.manylinux_2_17_x86_64.manylinux2014_x86_64.whl", hash = "sha256:78b260de9790fd81e69401c2dc8b17da47c8038176a79092a89cb2b7d945d060", size = 239038, upload-time = "2024-08-04T19:44:17.466Z" },
    { url = "https://files.pythonhosted.org/packages/6e/bd/110689ff5752b67924efd5e2aedf5190cbbe245fc81b8dec1abaffba619d/coverage-7.6.1-cp313-cp313-musllinux_1_2_aarch64.whl", hash = "sha256:a78d169acd38300060b28d600344a803628c3fd585c912cacc9ea8790fe96862", size = 238690, upload-time = "2024-08-04T19:44:19.336Z" },
    { url = "https://files.pythonhosted.org/packages/d3/a8/08d7b38e6ff8df52331c83130d0ab92d9c9a8b5462f9e99c9f051a4ae206/coverage-7.6.1-cp313-cp313-musllinux_1_2_i686.whl", hash = "sha256:2c09f4ce52cb99dd7505cd0fc8e0e37c77b87f46bc9c1eb03fe3bc9991085388", size = 236765, upload-time = "2024-08-04T19:44:20.994Z" },
    { url = "https://files.pythonhosted.org/packages/d6/6a/9cf96839d3147d55ae713eb2d877f4d777e7dc5ba2bce227167d0118dfe8/coverage-7.6.1-cp313-cp313-musllinux_1_2_x86_64.whl", hash = "sha256:6878ef48d4227aace338d88c48738a4258213cd7b74fd9a3d4d7582bb1d8a155", size = 238611, upload-time = "2024-08-04T19:44:22.616Z" },
    { url = "https://files.pythonhosted.org/packages/74/e4/7ff20d6a0b59eeaab40b3140a71e38cf52547ba21dbcf1d79c5a32bba61b/coverage-7.6.1-cp313-cp313-win32.whl", hash = "sha256:44df346d5215a8c0e360307d46ffaabe0f5d3502c8a1cefd700b34baf31d411a", size = 209671, upload-time = "2024-08-04T19:44:24.418Z" },
    { url = "https://files.pythonhosted.org/packages/35/59/1812f08a85b57c9fdb6d0b383d779e47b6f643bc278ed682859512517e83/coverage-7.6.1-cp313-cp313-win_amd64.whl", hash = "sha256:8284cf8c0dd272a247bc154eb6c95548722dce90d098c17a883ed36e67cdb129", size = 210368, upload-time = "2024-08-04T19:44:26.276Z" },
    { url = "https://files.pythonhosted.org/packages/9c/15/08913be1c59d7562a3e39fce20661a98c0a3f59d5754312899acc6cb8a2d/coverage-7.6.1-cp313-cp313t-macosx_10_13_x86_64.whl", hash = "sha256:d3296782ca4eab572a1a4eca686d8bfb00226300dcefdf43faa25b5242ab8a3e", size = 207758, upload-time = "2024-08-04T19:44:29.028Z" },
    { url = "https://files.pythonhosted.org/packages/c4/ae/b5d58dff26cade02ada6ca612a76447acd69dccdbb3a478e9e088eb3d4b9/coverage-7.6.1-cp313-cp313t-macosx_11_0_arm64.whl", hash = "sha256:502753043567491d3ff6d08629270127e0c31d4184c4c8d98f92c26f65019962", size = 208035, upload-time = "2024-08-04T19:44:30.673Z" },
    { url = "https://files.pythonhosted.org/packages/b8/d7/62095e355ec0613b08dfb19206ce3033a0eedb6f4a67af5ed267a8800642/coverage-7.6.1-cp313-cp313t-manylinux_2_17_aarch64.manylinux2014_aarch64.whl", hash = "sha256:6a89ecca80709d4076b95f89f308544ec8f7b4727e8a547913a35f16717856cb", size = 250839, upload-time = "2024-08-04T19:44:32.412Z" },
    { url = "https://files.pythonhosted.org/packages/7c/1e/c2967cb7991b112ba3766df0d9c21de46b476d103e32bb401b1b2adf3380/coverage-7.6.1-cp313-cp313t-manylinux_2_5_i686.manylinux1_i686.manylinux_2_17_i686.manylinux2014_i686.whl", hash = "sha256:a318d68e92e80af8b00fa99609796fdbcdfef3629c77c6283566c6f02c6d6704", size = 246569, upload-time = "2024-08-04T19:44:34.547Z" },
    { url = "https://files.pythonhosted.org/packages/8b/61/a7a6a55dd266007ed3b1df7a3386a0d760d014542d72f7c2c6938483b7bd/coverage-7.6.1-cp313-cp313t-manylinux_2_5_x86_64.manylinux1_x86_64.manylinux_2_17_x86_64.manylinux2014_x86_64.whl", hash = "sha256:13b0a73a0896988f053e4fbb7de6d93388e6dd292b0d87ee51d106f2c11b465b", size = 248927, upload-time = "2024-08-04T19:44:36.313Z" },
    { url = "https://files.pythonhosted.org/packages/c8/fa/13a6f56d72b429f56ef612eb3bc5ce1b75b7ee12864b3bd12526ab794847/coverage-7.6.1-cp313-cp313t-musllinux_1_2_aarch64.whl", hash = "sha256:4421712dbfc5562150f7554f13dde997a2e932a6b5f352edcce948a815efee6f", size = 248401, upload-time = "2024-08-04T19:44:38.155Z" },
    { url = "https://files.pythonhosted.org/packages/75/06/0429c652aa0fb761fc60e8c6b291338c9173c6aa0f4e40e1902345b42830/coverage-7.6.1-cp313-cp313t-musllinux_1_2_i686.whl", hash = "sha256:166811d20dfea725e2e4baa71fffd6c968a958577848d2131f39b60043400223", size = 246301, upload-time = "2024-08-04T19:44:39.883Z" },
    { url = "https://files.pythonhosted.org/packages/52/76/1766bb8b803a88f93c3a2d07e30ffa359467810e5cbc68e375ebe6906efb/coverage-7.6.1-cp313-cp313t-musllinux_1_2_x86_64.whl", hash = "sha256:225667980479a17db1048cb2bf8bfb39b8e5be8f164b8f6628b64f78a72cf9d3", size = 247598, upload-time = "2024-08-04T19:44:41.59Z" },
    { url = "https://files.pythonhosted.org/packages/66/8b/f54f8db2ae17188be9566e8166ac6df105c1c611e25da755738025708d54/coverage-7.6.1-cp313-cp313t-win32.whl", hash = "sha256:170d444ab405852903b7d04ea9ae9b98f98ab6d7e63e1115e82620807519797f", size = 210307, upload-time = "2024-08-04T19:44:43.301Z" },
    { url = "https://files.pythonhosted.org/packages/9f/b0/e0dca6da9170aefc07515cce067b97178cefafb512d00a87a1c717d2efd5/coverage-7.6.1-cp313-cp313t-win_amd64.whl", hash = "sha256:b9f222de8cded79c49bf184bdbc06630d4c58eec9459b939b4a690c82ed05657", size = 211453, upload-time = "2024-08-04T19:44:45.677Z" },
]

[[package]]
name = "django"
version = "5.1"
source = { registry = "https://pypi.org/simple" }
dependencies = [
    { name = "asgiref" },
    { name = "sqlparse" },
    { name = "tzdata", marker = "sys_platform == 'win32'" },
]
sdist = { url = "https://files.pythonhosted.org/packages/1e/0c/d854d25bb74a8a3b41e642bbd27fe6af12fadd0edfd07d487809cf0ef719/Django-5.1.tar.gz", hash = "sha256:848a5980e8efb76eea70872fb0e4bc5e371619c70fffbe48e3e1b50b2c09455d", size = 10681050, upload-time = "2024-08-07T13:34:10.857Z" }
wheels = [
    { url = "https://files.pythonhosted.org/packages/28/b4/110532cebfea2244d76119904da98c6fa045ebb202aee9ec7cbf36ea3cad/Django-5.1-py3-none-any.whl", hash = "sha256:d3b811bf5371a26def053d7ee42a9df1267ef7622323fe70a601936725aa4557", size = 8246099, upload-time = "2024-08-07T13:33:52.959Z" },
]

[[package]]
name = "django-debug-toolbar"
version = "4.4.6"
source = { registry = "https://pypi.org/simple" }
dependencies = [
    { name = "django" },
    { name = "sqlparse" },
]
sdist = { url = "https://files.pythonhosted.org/packages/d4/9c/0a3238eda0a46df20f2e3fe2a30313d34f5042a1a737d08230b77c29a3e9/django_debug_toolbar-4.4.6.tar.gz", hash = "sha256:36e421cb908c2f0675e07f9f41e3d1d8618dc386392ec82d23bcfcd5d29c7044", size = 272610, upload-time = "2024-07-10T13:18:13.302Z" }
wheels = [
    { url = "https://files.pythonhosted.org/packages/2f/33/2036a472eedfbe49240dffea965242b3f444de4ea4fbeceb82ccea33a2ce/django_debug_toolbar-4.4.6-py3-none-any.whl", hash = "sha256:3beb671c9ec44ffb817fad2780667f172bd1c067dbcabad6268ce39a81335f45", size = 229621, upload-time = "2024-07-10T13:18:35.71Z" },
]

[[package]]
name = "django-phonenumber-field"
version = "8.0.0"
source = { registry = "https://pypi.org/simple" }
dependencies = [
    { name = "django" },
]
sdist = { url = "https://files.pythonhosted.org/packages/8f/d1/0a2ba41434d98ac9a2669ea7edfc8d1bc75055da450d94894c597913e01c/django_phonenumber_field-8.0.0.tar.gz", hash = "sha256:8a560fe1b01b94c9de8cde22bc373b695f023cc6df4baba00264cb079da9f631", size = 43759, upload-time = "2024-06-24T13:49:13.649Z" }
wheels = [
    { url = "https://files.pythonhosted.org/packages/fc/ab/4738a40d6f297688ecedd08cf6dc1608ad06c08ba3c03d1fc85b19ac6717/django_phonenumber_field-8.0.0-py3-none-any.whl", hash = "sha256:196c917b70c01a98e327f482eb8a4a4a55a29891db551f99078585397370b3ba", size = 66441, upload-time = "2024-06-24T13:49:11.65Z" },
]

[[package]]
name = "django-seed"
version = "0.3.1"
source = { registry = "https://pypi.org/simple" }
dependencies = [
    { name = "django" },
    { name = "faker" },
    { name = "toposort" },
]
sdist = { url = "https://files.pythonhosted.org/packages/5a/19/0423c1a8adb10c9e246f3a0e661165a7851bb7f4253eb338624081343e76/django-seed-0.3.1.tar.gz", hash = "sha256:93e65d2c10449c464b83e9031be02763ec10e786aa064d649c4dd5ad06fa0eea", size = 18336, upload-time = "2021-10-08T16:30:29.522Z" }

[[package]]
name = "factory-boy"
version = "3.3.0"
source = { registry = "https://pypi.org/simple" }
dependencies = [
    { name = "faker" },
]
sdist = { url = "https://files.pythonhosted.org/packages/ec/02/30796763f5661ef0028e12f09b66757b2c8dd1ab783d6b7e6d834a404884/factory_boy-3.3.0.tar.gz", hash = "sha256:bc76d97d1a65bbd9842a6d722882098eb549ec8ee1081f9fb2e8ff29f0c300f1", size = 163604, upload-time = "2023-07-19T09:04:02.692Z" }
wheels = [
    { url = "https://files.pythonhosted.org/packages/7d/37/69bc18ffa39ae7723b61ca0dde30130ea45f9127c129f084f5c6ca5d5dae/factory_boy-3.3.0-py2.py3-none-any.whl", hash = "sha256:a2cdbdb63228177aa4f1c52f4b6d83fab2b8623bf602c7dedd7eb83c0f69c04c", size = 36684, upload-time = "2023-07-19T09:04:00.951Z" },
]

[[package]]
name = "faker"
version = "26.3.0"
source = { registry = "https://pypi.org/simple" }
dependencies = [
    { name = "python-dateutil" },
]
sdist = { url = "https://files.pythonhosted.org/packages/b2/0c/3ef35c3827ab710711c54fd2564e496c7c26c701b72ae32263857896b289/Faker-26.3.0.tar.gz", hash = "sha256:7c10ebdf74aaa0cc4fe6ec6db5a71e8598ec33503524bd4b5f4494785a5670dd", size = 1765030, upload-time = "2024-08-08T15:55:00.843Z" }
wheels = [
    { url = "https://files.pythonhosted.org/packages/7d/1d/fb374889a8cbe2786a347a6fc80b40b4d7ac607ed40be8bd4babec0d02b0/Faker-26.3.0-py3-none-any.whl", hash = "sha256:97fe1e7e953dd640ca2cd4dfac4db7c4d2432dd1b7a244a3313517707f3b54e9", size = 1802551, upload-time = "2024-08-08T15:54:49.395Z" },
]

[[package]]
name = "jsonfield"
version = "3.1.0"
source = { registry = "https://pypi.org/simple" }
dependencies = [
    { name = "django" },
]
sdist = { url = "https://files.pythonhosted.org/packages/10/3b/4542fd9465908380ba4321329d3cdfeb959769ec48d878dead978286b48d/jsonfield-3.1.0.tar.gz", hash = "sha256:7e4e84597de21eeaeeaaa7cc5da08c61c48a9b64d0c446b2d71255d01812887a", size = 14870, upload-time = "2020-02-22T08:42:30.846Z" }
wheels = [
    { url = "https://files.pythonhosted.org/packages/7c/97/3a4805532a9c1982368fd9f37b58133419e83704744b733ccab9e9827176/jsonfield-3.1.0-py3-none-any.whl", hash = "sha256:df857811587f252b97bafba42e02805e70a398a7a47870bc6358a0308dd689ed", size = 7974, upload-time = "2020-02-22T08:42:29.147Z" },
]

[[package]]
name = "phonenumberslite"
version = "8.13.42"
source = { registry = "https://pypi.org/simple" }
sdist = { url = "https://files.pythonhosted.org/packages/a7/93/15c3ca4e3194602064e82bd78b9feb91fad46578e274dfb44916b6fc10ef/phonenumberslite-8.13.42.tar.gz", hash = "sha256:b71184da0b7258b338094e04c90579d41f97befbd2c8bda0f0a320bd103fbc18", size = 2296786, upload-time = "2024-07-30T17:35:04.673Z" }
wheels = [
    { url = "https://files.pythonhosted.org/packages/a9/50/5e25646d12fb8bd700fbc4c7795f1a7ecc39d99d8ee10d63e98765f07411/phonenumberslite-8.13.42-py2.py3-none-any.whl", hash = "sha256:9014fd8b72f46d3de91f7b1f8bbe5908b7f7373ce3b2a7e8e6d4e18d47f581e6", size = 470798, upload-time = "2024-07-30T17:35:00.974Z" },
]

[[package]]
name = "python-dateutil"
version = "2.9.0.post0"
source = { registry = "https://pypi.org/simple" }
dependencies = [
    { name = "six" },
]
sdist = { url = "https://files.pythonhosted.org/packages/66/c0/0c8b6ad9f17a802ee498c46e004a0eb49bc148f2fd230864601a86dcf6db/python-dateutil-2.9.0.post0.tar.gz", hash = "sha256:37dd54208da7e1cd875388217d5e00ebd4179249f90fb72437e91a35459a0ad3", size = 342432, upload-time = "2024-03-01T18:36:20.211Z" }
wheels = [
    { url = "https://files.pythonhosted.org/packages/ec/57/56b9bcc3c9c6a792fcbaf139543cee77261f3651ca9da0c93f5c1221264b/python_dateutil-2.9.0.post0-py2.py3-none-any.whl", hash = "sha256:a8b2bc7bffae282281c8140a97d3aa9c14da0b136dfe83f850eea9a5f7470427", size = 229892, upload-time = "2024-03-01T18:36:18.57Z" },
]

[[package]]
name = "ruff"
version = "0.6.1"
source = { registry = "https://pypi.org/simple" }
sdist = { url = "https://files.pythonhosted.org/packages/ce/7e/82271b5ecbb72f24178eac28979380c4ba234f90be5cf92cb513605efb1a/ruff-0.6.1.tar.gz", hash = "sha256:af3ffd8c6563acb8848d33cd19a69b9bfe943667f0419ca083f8ebe4224a3436", size = 2457325, upload-time = "2024-08-16T17:04:58.153Z" }
wheels = [
    { url = "https://files.pythonhosted.org/packages/e2/d1/ac5091efcc8e2cdc55733ac07f17f961465318a3fa8916e44360e32e6c73/ruff-0.6.1-py3-none-linux_armv6l.whl", hash = "sha256:b4bb7de6a24169dc023f992718a9417380301b0c2da0fe85919f47264fb8add9", size = 9610279, upload-time = "2024-08-16T17:04:14.754Z" },
    { url = "https://files.pythonhosted.org/packages/2b/ed/c3e1c20e46f5619f133e1ddafbb1a957407ea36d42a477d0d88e9897bed9/ruff-0.6.1-py3-none-macosx_10_12_x86_64.whl", hash = "sha256:45efaae53b360c81043e311cdec8a7696420b3d3e8935202c2846e7a97d4edae", size = 8719541, upload-time = "2024-08-16T17:04:17.883Z" },
    { url = "https://files.pythonhosted.org/packages/13/49/3ee1c8dca59a8bd87ca833871d86304bce4348b2e019287e45ca0ad5b3dd/ruff-0.6.1-py3-none-macosx_11_0_arm64.whl", hash = "sha256:bc60c7d71b732c8fa73cf995efc0c836a2fd8b9810e115be8babb24ae87e0850", size = 8320291, upload-time = "2024-08-16T17:04:20.628Z" },
    { url = "https://files.pythonhosted.org/packages/2a/44/1fec4c3eac790a445f3b9e0759665439c1d88517851f3fca90e32e897d48/ruff-0.6.1-py3-none-manylinux_2_17_aarch64.manylinux2014_aarch64.whl", hash = "sha256:2c7477c3b9da822e2db0b4e0b59e61b8a23e87886e727b327e7dcaf06213c5cf", size = 10040885, upload-time = "2024-08-16T17:04:22.853Z" },
    { url = "https://files.pythonhosted.org/packages/86/98/c0b96dda4f751accecd3c0638d8c617a3b3e6de11b4e68aa77cae72912fb/ruff-0.6.1-py3-none-manylinux_2_17_armv7l.manylinux2014_armv7l.whl", hash = "sha256:3a0af7ab3f86e3dc9f157a928e08e26c4b40707d0612b01cd577cc84b8905cc9", size = 9414183, upload-time = "2024-08-16T17:04:25.612Z" },
    { url = "https://files.pythonhosted.org/packages/a0/e3/59ac3b2fb4e80f53a96f2c22951589357e22ef3bc2c2b04b2a73772663f8/ruff-0.6.1-py3-none-manylinux_2_17_i686.manylinux2014_i686.whl", hash = "sha256:392688dbb50fecf1bf7126731c90c11a9df1c3a4cdc3f481b53e851da5634fa5", size = 10203467, upload-time = "2024-08-16T17:04:27.881Z" },
    { url = "https://files.pythonhosted.org/packages/8d/02/3dc1c33877d68341b9764b30e2dcc9209b6adb8a0a41ca04d503dc39006e/ruff-0.6.1-py3-none-manylinux_2_17_ppc64.manylinux2014_ppc64.whl", hash = "sha256:5278d3e095ccc8c30430bcc9bc550f778790acc211865520f3041910a28d0024", size = 10962198, upload-time = "2024-08-16T17:04:30.615Z" },
    { url = "https://files.pythonhosted.org/packages/c5/1f/a36bb06c8b724e3a8ee59124657414182227a353a98408cb5321aa87bd13/ruff-0.6.1-py3-none-manylinux_2_17_ppc64le.manylinux2014_ppc64le.whl", hash = "sha256:fe6d5f65d6f276ee7a0fc50a0cecaccb362d30ef98a110f99cac1c7872df2f18", size = 10537682, upload-time = "2024-08-16T17:04:32.868Z" },
    { url = "https://files.pythonhosted.org/packages/a2/bd/479fbfab1634f2527a3f5ddb44973977f75ffbdf3d9bb16748c558a263ad/ruff-0.6.1-py3-none-manylinux_2_17_s390x.manylinux2014_s390x.whl", hash = "sha256:b2e0dd11e2ae553ee5c92a81731d88a9883af8db7408db47fc81887c1f8b672e", size = 11505616, upload-time = "2024-08-16T17:04:35.421Z" },
    { url = "https://files.pythonhosted.org/packages/e0/94/92bc24e7e58d2f90fa2a370f763d25d9e06ccccfab839b88e389d79fb4e3/ruff-0.6.1-py3-none-manylinux_2_17_x86_64.manylinux2014_x86_64.whl", hash = "sha256:d812615525a34ecfc07fd93f906ef5b93656be01dfae9a819e31caa6cfe758a1", size = 10221898, upload-time = "2024-08-16T17:04:38.882Z" },
    { url = "https://files.pythonhosted.org/packages/f7/47/1aca18f02abd4a3ba739991b719a3aa5d8e39e0bee1a91090c8bfacdcd13/ruff-0.6.1-py3-none-musllinux_1_2_aarch64.whl", hash = "sha256:faaa4060f4064c3b7aaaa27328080c932fa142786f8142aff095b42b6a2eb631", size = 10033784, upload-time = "2024-08-16T17:04:41.478Z" },
    { url = "https://files.pythonhosted.org/packages/e6/48/df16d9b00af42034ee85915914783bc0529a2ff709d6d3ef39c7c15d826d/ruff-0.6.1-py3-none-musllinux_1_2_armv7l.whl", hash = "sha256:99d7ae0df47c62729d58765c593ea54c2546d5de213f2af2a19442d50a10cec9", size = 9477381, upload-time = "2024-08-16T17:04:44.173Z" },
    { url = "https://files.pythonhosted.org/packages/46/d6/d6eadedcc9f9c4927665eee26f4449c15f4c501e7ba9c34c37753748dc11/ruff-0.6.1-py3-none-musllinux_1_2_i686.whl", hash = "sha256:9eb18dfd7b613eec000e3738b3f0e4398bf0153cb80bfa3e351b3c1c2f6d7b15", size = 9862269, upload-time = "2024-08-16T17:04:46.405Z" },
    { url = "https://files.pythonhosted.org/packages/4e/30/e2f5b06ac048898a1cac190e1c9c0d88f984596b27f1069341217e42d119/ruff-0.6.1-py3-none-musllinux_1_2_x86_64.whl", hash = "sha256:c62bc04c6723a81e25e71715aa59489f15034d69bf641df88cb38bdc32fd1dbb", size = 10287591, upload-time = "2024-08-16T17:04:48.885Z" },
    { url = "https://files.pythonhosted.org/packages/a0/2c/6a17be1b3c69c03167e5b3d69317ae9b8b2a06091189161751e7a36afef5/ruff-0.6.1-py3-none-win32.whl", hash = "sha256:9fb4c4e8b83f19c9477a8745e56d2eeef07a7ff50b68a6998f7d9e2e3887bdc4", size = 7918031, upload-time = "2024-08-16T17:04:51.477Z" },
    { url = "https://files.pythonhosted.org/packages/2e/ba/66a6c87f6532e0390ebc67d5ae9bc1064f4e14d1b0e224bdedc999ae2b15/ruff-0.6.1-py3-none-win_amd64.whl", hash = "sha256:c2ebfc8f51ef4aca05dad4552bbcf6fe8d1f75b2f6af546cc47cc1c1ca916b5b", size = 8736178, upload-time = "2024-08-16T17:04:53.609Z" },
    { url = "https://files.pythonhosted.org/packages/14/da/418c5d40058ad56bd0fa060efa4580ccf446f916167aa6540d31f6844e16/ruff-0.6.1-py3-none-win_arm64.whl", hash = "sha256:3bc81074971b0ffad1bd0c52284b22411f02a11a012082a76ac6da153536e014", size = 8142791, upload-time = "2024-08-16T17:04:55.812Z" },
]

[[package]]
name = "six"
version = "1.16.0"
source = { registry = "https://pypi.org/simple" }
sdist = { url = "https://files.pythonhosted.org/packages/71/39/171f1c67cd00715f190ba0b100d606d440a28c93c7714febeca8b79af85e/six-1.16.0.tar.gz", hash = "sha256:1e61c37477a1626458e36f7b1d82aa5c9b094fa4802892072e49de9c60c4c926", size = 34041, upload-time = "2021-05-05T14:18:18.379Z" }
wheels = [
    { url = "https://files.pythonhosted.org/packages/d9/5a/e7c31adbe875f2abbb91bd84cf2dc52d792b5a01506781dbcf25c91daf11/six-1.16.0-py2.py3-none-any.whl", hash = "sha256:8abb2f1d86890a2dfb989f9a77cfcfd3e47c2a354b01111771326f8aa26e0254", size = 11053, upload-time = "2021-05-05T14:18:17.237Z" },
]

[[package]]
name = "sqlparse"
version = "0.5.1"
source = { registry = "https://pypi.org/simple" }
sdist = { url = "https://files.pythonhosted.org/packages/73/82/dfa23ec2cbed08a801deab02fe7c904bfb00765256b155941d789a338c68/sqlparse-0.5.1.tar.gz", hash = "sha256:bb6b4df465655ef332548e24f08e205afc81b9ab86cb1c45657a7ff173a3a00e", size = 84502, upload-time = "2024-07-15T19:30:27.085Z" }
wheels = [
    { url = "https://files.pythonhosted.org/packages/5d/a5/b2860373aa8de1e626b2bdfdd6df4355f0565b47e51f7d0c54fe70faf8fe/sqlparse-0.5.1-py3-none-any.whl", hash = "sha256:773dcbf9a5ab44a090f3441e2180efe2560220203dc2f8c0b0fa141e18b505e4", size = 44156, upload-time = "2024-07-15T19:30:25.033Z" },
]

[[package]]
name = "toposort"
version = "1.10"
source = { registry = "https://pypi.org/simple" }
sdist = { url = "https://files.pythonhosted.org/packages/69/19/8e955d90985ecbd3b9adb2a759753a6840da2dff3c569d412b2c9217678b/toposort-1.10.tar.gz", hash = "sha256:bfbb479c53d0a696ea7402601f4e693c97b0367837c8898bc6471adfca37a6bd", size = 11132, upload-time = "2023-02-27T13:59:51.834Z" }
wheels = [
    { url = "https://files.pythonhosted.org/packages/f6/17/57b444fd314d5e1593350b9a31d000e7411ba8e17ce12dc7ad54ca76b810/toposort-1.10-py3-none-any.whl", hash = "sha256:cbdbc0d0bee4d2695ab2ceec97fe0679e9c10eab4b2a87a9372b929e70563a87", size = 8500, upload-time = "2023-02-25T20:07:06.538Z" },
]

[[package]]
name = "tzdata"
version = "2025.2"
source = { registry = "https://pypi.org/simple" }
sdist = { url = "https://files.pythonhosted.org/packages/95/32/1a225d6164441be760d75c2c42e2780dc0873fe382da3e98a2e1e48361e5/tzdata-2025.2.tar.gz", hash = "sha256:b60a638fcc0daffadf82fe0f57e53d06bdec2f36c4df66280ae79bce6bd6f2b9", size = 196380, upload-time = "2025-03-23T13:54:43.652Z" }
wheels = [
    { url = "https://files.pythonhosted.org/packages/5c/23/c7abc0ca0a1526a0774eca151daeb8de62ec457e77262b66b359c3c7679e/tzdata-2025.2-py2.py3-none-any.whl", hash = "sha256:1a403fada01ff9221ca8044d701868fa132215d84beb92242d9acd2147f667a8", size = 347839, upload-time = "2025-03-23T13:54:41.845Z" },
]
